
Microsoft Visual Studio Solution File, Format Version 12.00
# Visual Studio 15
VisualStudioVersion = 15.0.27004.2010
MinimumVisualStudioVersion = 10.0.40219.1
Project("{9A19103F-16F7-4668-BE54-9A1E7A4F7556}") = "LogoFX.Practices.IoC", "LogoFX.Practices.IoC\LogoFX.Practices.IoC.csproj", "{8D048EA5-CF10-4CA1-909D-03655E1042F5}"
EndProject
Project("{9A19103F-16F7-4668-BE54-9A1E7A4F7556}") = "LogoFX.Practices.IoC.Modularity", "LogoFX.Practices.IoC.Modularity\LogoFX.Practices.IoC.Modularity.csproj", "{3FBC6C36-1F84-4C95-88DE-FB1CFC9D4E18}"
EndProject
Project("{FAE04EC0-301F-11D3-BF4B-00C04F79EFBC}") = "LogoFX.Practices.IoC.Tests", "LogoFX.Practices.IoC.Tests\LogoFX.Practices.IoC.Tests.csproj", "{DFD67CD9-6E12-427C-BCCA-DEE5A3522DC2}"
EndProject
Global
	GlobalSection(SolutionConfigurationPlatforms) = preSolution
		Debug|Any CPU = Debug|Any CPU
		Release|Any CPU = Release|Any CPU
	EndGlobalSection
	GlobalSection(ProjectConfigurationPlatforms) = postSolution
		{8D048EA5-CF10-4CA1-909D-03655E1042F5}.Debug|Any CPU.ActiveCfg = Debug|Any CPU
		{8D048EA5-CF10-4CA1-909D-03655E1042F5}.Debug|Any CPU.Build.0 = Debug|Any CPU
		{8D048EA5-CF10-4CA1-909D-03655E1042F5}.Release|Any CPU.ActiveCfg = Release|Any CPU
		{8D048EA5-CF10-4CA1-909D-03655E1042F5}.Release|Any CPU.Build.0 = Release|Any CPU
		{3FBC6C36-1F84-4C95-88DE-FB1CFC9D4E18}.Debug|Any CPU.ActiveCfg = Debug|Any CPU
		{3FBC6C36-1F84-4C95-88DE-FB1CFC9D4E18}.Debug|Any CPU.Build.0 = Debug|Any CPU
		{3FBC6C36-1F84-4C95-88DE-FB1CFC9D4E18}.Release|Any CPU.ActiveCfg = Release|Any CPU
		{3FBC6C36-1F84-4C95-88DE-FB1CFC9D4E18}.Release|Any CPU.Build.0 = Release|Any CPU
		{DFD67CD9-6E12-427C-BCCA-DEE5A3522DC2}.Debug|Any CPU.ActiveCfg = Debug|Any CPU
		{DFD67CD9-6E12-427C-BCCA-DEE5A3522DC2}.Debug|Any CPU.Build.0 = Debug|Any CPU
		{DFD67CD9-6E12-427C-BCCA-DEE5A3522DC2}.Release|Any CPU.ActiveCfg = Release|Any CPU
		{DFD67CD9-6E12-427C-BCCA-DEE5A3522DC2}.Release|Any CPU.Build.0 = Release|Any CPU
	EndGlobalSection
	GlobalSection(SolutionProperties) = preSolution
		HideSolutionNode = FALSE
	EndGlobalSection
	GlobalSection(ExtensibilityGlobals) = postSolution
		SolutionGuid = {08076725-507A-4666-BB09-4431D1A82B8E}
	EndGlobalSection
EndGlobal
